
Microsoft Visual Studio Solution File, Format Version 11.00
# Visual Studio 2010
Project("{FAE04EC0-301F-11D3-BF4B-00C04F79EFBC}") = "WebGLCube", "Assembly-CSharp.csproj", "{EE0CF490-FEC0-5CAB-0042-EE025B7D1984}"
EndProject
Global
	GlobalSection(SolutionConfigurationPlatforms) = preSolution
		Debug|Any CPU = Debug|Any CPU
		Release|Any CPU = Release|Any CPU
	EndGlobalSection
	GlobalSection(ProjectConfigurationPlatforms) = postSolution
		{EE0CF490-FEC0-5CAB-0042-EE025B7D1984}.Debug|Any CPU.ActiveCfg = Debug|Any CPU
		{EE0CF490-FEC0-5CAB-0042-EE025B7D1984}.Debug|Any CPU.Build.0 = Debug|Any CPU
		{EE0CF490-FEC0-5CAB-0042-EE025B7D1984}.Release|Any CPU.ActiveCfg = Release|Any CPU
		{EE0CF490-FEC0-5CAB-0042-EE025B7D1984}.Release|Any CPU.Build.0 = Release|Any CPU
	EndGlobalSection
	GlobalSection(SolutionProperties) = preSolution
		HideSolutionNode = FALSE
	EndGlobalSection
	GlobalSection(MonoDevelopProperties) = preSolution
		StartupItem = Assembly-CSharp.csproj
	EndGlobalSection
EndGlobal
